Microsoft Visual Studio Solution File, Format Version 12.00
# Visual Studio Version 17
VisualStudioVersion = 17.5.2.0
MinimumVisualStudioVersion = 10.0.40219.1
Project("{FAE04EC0-301F-11D3-BF4B-00C04F79EFBC}") = "Starshine.Abp.EntityFrameworkCore.Sqlite", "Starshine.Abp.EntityFrameworkCore.Sqlite.csproj", "{00BAEB5A-E02E-3732-5FC4-ECD4FCBD82DA}"
EndProject
Global
	GlobalSection(SolutionConfigurationPlatforms) = preSolution
		Debug|Any CPU = Debug|Any CPU
		Release|Any CPU = Release|Any CPU
	EndGlobalSection
	GlobalSection(ProjectConfigurationPlatforms) = postSolution
		{00BAEB5A-E02E-3732-5FC4-ECD4FCBD82DA}.Debug|Any CPU.ActiveCfg = Debug|Any CPU
		{00BAEB5A-E02E-3732-5FC4-ECD4FCBD82DA}.Debug|Any CPU.Build.0 = Debug|Any CPU
		{00BAEB5A-E02E-3732-5FC4-ECD4FCBD82DA}.Release|Any CPU.ActiveCfg = Release|Any CPU
		{00BAEB5A-E02E-3732-5FC4-ECD4FCBD82DA}.Release|Any CPU.Build.0 = Release|Any CPU
	EndGlobalSection
	GlobalSection(SolutionProperties) = preSolution
		HideSolutionNode = FALSE
	EndGlobalSection
	GlobalSection(ExtensibilityGlobals) = postSolution
		SolutionGuid = {EC66BB9E-C304-4AE9-B55C-CF5CB354052C}
	EndGlobalSection
EndGlobal
