Microsoft Visual Studio Solution File, Format Version 12.00
# Visual Studio Version 17
VisualStudioVersion = 17.5.2.0
MinimumVisualStudioVersion = 10.0.40219.1
Project("{FAE04EC0-301F-11D3-BF4B-00C04F79EFBC}") = "Starshine.Abp.Ddd.Application", "Starshine.Abp.Ddd.Application.csproj", "{E104EC53-FB11-0A87-D7CC-378C1DF884BE}"
EndProject
Global
	GlobalSection(SolutionConfigurationPlatforms) = preSolution
		Debug|Any CPU = Debug|Any CPU
		Release|Any CPU = Release|Any CPU
	EndGlobalSection
	GlobalSection(ProjectConfigurationPlatforms) = postSolution
		{E104EC53-FB11-0A87-D7CC-378C1DF884BE}.Debug|Any CPU.ActiveCfg = Debug|Any CPU
		{E104EC53-FB11-0A87-D7CC-378C1DF884BE}.Debug|Any CPU.Build.0 = Debug|Any CPU
		{E104EC53-FB11-0A87-D7CC-378C1DF884BE}.Release|Any CPU.ActiveCfg = Release|Any CPU
		{E104EC53-FB11-0A87-D7CC-378C1DF884BE}.Release|Any CPU.Build.0 = Release|Any CPU
	EndGlobalSection
	GlobalSection(SolutionProperties) = preSolution
		HideSolutionNode = FALSE
	EndGlobalSection
	GlobalSection(ExtensibilityGlobals) = postSolution
		SolutionGuid = {7946DB52-4AC2-486A-982A-F822EC9549C4}
	EndGlobalSection
EndGlobal
