Microsoft Visual Studio Solution File, Format Version 12.00
# Visual Studio Version 17
VisualStudioVersion = 17.5.2.0
MinimumVisualStudioVersion = 10.0.40219.1
Project("{FAE04EC0-301F-11D3-BF4B-00C04F79EFBC}") = "Starshine.Abp.EntityFrameworkCore", "Starshine.Abp.EntityFrameworkCore.csproj", "{91F84F3A-7F3D-F4A0-44E0-00578D393212}"
EndProject
Global
	GlobalSection(SolutionConfigurationPlatforms) = preSolution
		Debug|Any CPU = Debug|Any CPU
		Release|Any CPU = Release|Any CPU
	EndGlobalSection
	GlobalSection(ProjectConfigurationPlatforms) = postSolution
		{91F84F3A-7F3D-F4A0-44E0-00578D393212}.Debug|Any CPU.ActiveCfg = Debug|Any CPU
		{91F84F3A-7F3D-F4A0-44E0-00578D393212}.Debug|Any CPU.Build.0 = Debug|Any CPU
		{91F84F3A-7F3D-F4A0-44E0-00578D393212}.Release|Any CPU.ActiveCfg = Release|Any CPU
		{91F84F3A-7F3D-F4A0-44E0-00578D393212}.Release|Any CPU.Build.0 = Release|Any CPU
	EndGlobalSection
	GlobalSection(SolutionProperties) = preSolution
		HideSolutionNode = FALSE
	EndGlobalSection
	GlobalSection(ExtensibilityGlobals) = postSolution
		SolutionGuid = {40EB1F2B-B743-45F1-BF30-53D7BBDDA8F5}
	EndGlobalSection
EndGlobal
